
Microsoft Visual Studio Solution File, Format Version 12.00
# Visual Studio Version 17
VisualStudioVersion = 17.0.32014.148
MinimumVisualStudioVersion = 10.0.40219.1
Project("{FAE04EC0-301F-11D3-BF4B-00C04F79EFBC}") = "GymMembershipVersion2.0", "GymMembershipVersion2.0\GymMembershipVersion2.0.csproj", "{6A1FD8AF-0546-47FE-BA98-808BCC8B0E2A}"
EndProject
Global
	GlobalSection(SolutionConfigurationPlatforms) = preSolution
		Debug|Any CPU = Debug|Any CPU
		Release|Any CPU = Release|Any CPU
	EndGlobalSection
	GlobalSection(ProjectConfigurationPlatforms) = postSolution
		{6A1FD8AF-0546-47FE-BA98-808BCC8B0E2A}.Debug|Any CPU.ActiveCfg = Debug|Any CPU
		{6A1FD8AF-0546-47FE-BA98-808BCC8B0E2A}.Debug|Any CPU.Build.0 = Debug|Any CPU
		{6A1FD8AF-0546-47FE-BA98-808BCC8B0E2A}.Release|Any CPU.ActiveCfg = Release|Any CPU
		{6A1FD8AF-0546-47FE-BA98-808BCC8B0E2A}.Release|Any CPU.Build.0 = Release|Any CPU
	EndGlobalSection
	GlobalSection(SolutionProperties) = preSolution
		HideSolutionNode = FALSE
	EndGlobalSection
	GlobalSection(ExtensibilityGlobals) = postSolution
		SolutionGuid = {3853AEE7-417D-4C8A-850E-8485987BCC78}
	EndGlobalSection
EndGlobal
